Microsoft Visual Studio Solution File, Format Version 12.00
# Visual Studio 2012
Project("{FAE04EC0-301F-11D3-BF4B-00C04F79EFBC}") = "Cirkkals Story", "Cirkkals Story.csproj", "{796245C3-7143-4CE6-9700-E0D0E6B92866}"
EndProject
Global
	GlobalSection(SolutionConfigurationPlatforms) = preSolution
	Debug|Any CPU = Debug|Any CPU
	ExportDebug|Any CPU = ExportDebug|Any CPU
	ExportRelease|Any CPU = ExportRelease|Any CPU
	EndGlobalSection
	GlobalSection(ProjectConfigurationPlatforms) = postSolution
		{796245C3-7143-4CE6-9700-E0D0E6B92866}.Debug|Any CPU.ActiveCfg = Debug|Any CPU
		{796245C3-7143-4CE6-9700-E0D0E6B92866}.Debug|Any CPU.Build.0 = Debug|Any CPU
		{796245C3-7143-4CE6-9700-E0D0E6B92866}.ExportDebug|Any CPU.ActiveCfg = ExportDebug|Any CPU
		{796245C3-7143-4CE6-9700-E0D0E6B92866}.ExportDebug|Any CPU.Build.0 = ExportDebug|Any CPU
		{796245C3-7143-4CE6-9700-E0D0E6B92866}.ExportRelease|Any CPU.ActiveCfg = ExportRelease|Any CPU
		{796245C3-7143-4CE6-9700-E0D0E6B92866}.ExportRelease|Any CPU.Build.0 = ExportRelease|Any CPU
	EndGlobalSection
EndGlobal
